// !$*UTF8*$!
{
	archiveVersion = 1;
	classes = {
	};
	objectVersion = 46;
	objects = {

/* Begin PBXBuildFile section */
		843BFC831D53434100F69E14 /* VerificationKit.h in Headers */ = {isa = PBXBuildFile; fileRef = 843BFC821D53434100F69E14 /* VerificationKit.h */; settings = {ATTRIBUTES = (Public, ); }; };
		843BFC8A1D53434100F69E14 /* VerificationKit.framework in Frameworks */ = {isa = PBXBuildFile; fileRef = 843BFC7F1D53434000F69E14 /* VerificationKit.framework */; };
		843BFC8F1D53434100F69E14 /* Tests.swift in Sources */ = {isa = PBXBuildFile; fileRef = 843BFC8E1D53434100F69E14 /* Tests.swift */; };
		843BFCD61D538CDF00F69E14 /* PhoneNumberKit.framework in Frameworks */ = {isa = PBXBuildFile; fileRef = 843BFCD51D538CDF00F69E14 /* PhoneNumberKit.framework */; };
		843DDE7B1D6D676300BF50A4 /* PhoneNumberKit.framework in Frameworks */ = {isa = PBXBuildFile; fileRef = 844B56941D69FE1600AE6205 /* PhoneNumberKit.framework */; };
		84C5B4531E6C58DA0083D69F /* AWSCore.framework in Frameworks */ = {isa = PBXBuildFile; fileRef = 84C5B44F1E6C58DA0083D69F /* AWSCore.framework */; };
		84C5B4541E6C58DA0083D69F /* AWSLambda.framework in Frameworks */ = {isa = PBXBuildFile; fileRef = 84C5B4501E6C58DA0083D69F /* AWSLambda.framework */; };
		84C5B4551E6C58DA0083D69F /* AWSSES.framework in Frameworks */ = {isa = PBXBuildFile; fileRef = 84C5B4511E6C58DA0083D69F /* AWSSES.framework */; };
		84C5B4561E6C58DA0083D69F /* AWSSNS.framework in Frameworks */ = {isa = PBXBuildFile; fileRef = 84C5B4521E6C58DA0083D69F /* AWSSNS.framework */; };
		84F8C98E1E7D7E1E004A9831 /* PhoneNumberKit+VerificationKit.swift in Sources */ = {isa = PBXBuildFile; fileRef = 84F8C98B1E7D7E1E004A9831 /* PhoneNumberKit+VerificationKit.swift */; };
		84F8C98F1E7D7E1E004A9831 /* UIAlertController+VerificationKit.swift in Sources */ = {isa = PBXBuildFile; fileRef = 84F8C98C1E7D7E1E004A9831 /* UIAlertController+VerificationKit.swift */; };
		84F8C9901E7D7E1E004A9831 /* UIViewController+VerificationKit.swift in Sources */ = {isa = PBXBuildFile; fileRef = 84F8C98D1E7D7E1E004A9831 /* UIViewController+VerificationKit.swift */; };
		84F8C9931E7D7F8D004A9831 /* Bundle+VerificationKit.swift in Sources */ = {isa = PBXBuildFile; fileRef = 84F8C9911E7D7F8D004A9831 /* Bundle+VerificationKit.swift */; };
		84F8C9941E7D7F8D004A9831 /* String+VerificationKit.swift in Sources */ = {isa = PBXBuildFile; fileRef = 84F8C9921E7D7F8D004A9831 /* String+VerificationKit.swift */; };
		84F8C9A51E7D8FA3004A9831 /* PhoneNumber.swift in Sources */ = {isa = PBXBuildFile; fileRef = 84F8C9991E7D8FA3004A9831 /* PhoneNumber.swift */; };
		84F8C9A61E7D8FA3004A9831 /* Theme.swift in Sources */ = {isa = PBXBuildFile; fileRef = 84F8C99A1E7D8FA3004A9831 /* Theme.swift */; };
		84F8C9A71E7D8FA3004A9831 /* Verification.swift in Sources */ = {isa = PBXBuildFile; fileRef = 84F8C99B1E7D8FA3004A9831 /* Verification.swift */; };
		84F8C9A81E7D8FA3004A9831 /* VerificationKitStrings.bundle in Resources */ = {isa = PBXBuildFile; fileRef = 84F8C99D1E7D8FA3004A9831 /* VerificationKitStrings.bundle */; };
		84F8C9A91E7D8FA3004A9831 /* AddEmailViewController.swift in Sources */ = {isa = PBXBuildFile; fileRef = 84F8C99F1E7D8FA3004A9831 /* AddEmailViewController.swift */; };
		84F8C9AA1E7D8FA3004A9831 /* AddPhoneViewController.swift in Sources */ = {isa = PBXBuildFile; fileRef = 84F8C9A01E7D8FA3004A9831 /* AddPhoneViewController.swift */; };
		84F8C9AB1E7D8FA3004A9831 /* CountryCodeViewController.swift in Sources */ = {isa = PBXBuildFile; fileRef = 84F8C9A11E7D8FA3004A9831 /* CountryCodeViewController.swift */; };
		84F8C9AC1E7D8FA3004A9831 /* VerificationKit.storyboard in Resources */ = {isa = PBXBuildFile; fileRef = 84F8C9A21E7D8FA3004A9831 /* VerificationKit.storyboard */; };
		84F8C9AD1E7D8FA3004A9831 /* VerifyEmailViewController.swift in Sources */ = {isa = PBXBuildFile; fileRef = 84F8C9A31E7D8FA3004A9831 /* VerifyEmailViewController.swift */; };
		84F8C9AE1E7D8FA3004A9831 /* VerifyPhoneViewController.swift in Sources */ = {isa = PBXBuildFile; fileRef = 84F8C9A41E7D8FA3004A9831 /* VerifyPhoneViewController.swift */; };
/* End PBXBuildFile section */

/* Begin PBXContainerItemProxy section */
		843BFC8B1D53434100F69E14 /* PBXContainerItemProxy */ = {
			isa = PBXContainerItemProxy;
			containerPortal = 843BFC761D53434000F69E14 /* Project object */;
			proxyType = 1;
			remoteGlobalIDString = 843BFC7E1D53434000F69E14;
			remoteInfo = VerificationKit;
		};
		844B56931D69FE1600AE6205 /* PBXContainerItemProxy */ = {
			isa = PBXContainerItemProxy;
			containerPortal = 844B568B1D69FE1600AE6205 /* PhoneNumberKit.xcodeproj */;
			proxyType = 2;
			remoteGlobalIDString = 342418641BB6E5A000EE70E7;
			remoteInfo = PhoneNumberKit;
		};
		844B56951D69FE1600AE6205 /* PBXContainerItemProxy */ = {
			isa = PBXContainerItemProxy;
			containerPortal = 844B568B1D69FE1600AE6205 /* PhoneNumberKit.xcodeproj */;
			proxyType = 2;
			remoteGlobalIDString = C6DF6C4B1D1B09CF00259F4B;
			remoteInfo = "PhoneNumberKit-macOS";
		};
		844B56971D69FE1600AE6205 /* PBXContainerItemProxy */ = {
			isa = PBXContainerItemProxy;
			containerPortal = 844B568B1D69FE1600AE6205 /* PhoneNumberKit.xcodeproj */;
			proxyType = 2;
			remoteGlobalIDString = C6DF6C911D1B120400259F4B;
			remoteInfo = "PhoneNumberKit-watchOS";
		};
		844B56991D69FE1600AE6205 /* PBXContainerItemProxy */ = {
			isa = PBXContainerItemProxy;
			containerPortal = 844B568B1D69FE1600AE6205 /* PhoneNumberKit.xcodeproj */;
			proxyType = 2;
			remoteGlobalIDString = C6DF6CCC1D1B18B000259F4B;
			remoteInfo = "PhoneNumberKit-tvOS";
		};
		844B569B1D69FE1600AE6205 /* PBXContainerItemProxy */ = {
			isa = PBXContainerItemProxy;
			containerPortal = 844B568B1D69FE1600AE6205 /* PhoneNumberKit.xcodeproj */;
			proxyType = 2;
			remoteGlobalIDString = 3424186E1BB6E5A000EE70E7;
			remoteInfo = PhoneNumberKitTests;
		};
/* End PBXContainerItemProxy section */

/* Begin PBXFileReference section */
		843BFC7F1D53434000F69E14 /* VerificationKit.framework */ = {isa = PBXFileReference; explicitFileType = wrapper.framework; includeInIndex = 0; path = VerificationKit.framework; sourceTree = BUILT_PRODUCTS_DIR; };
		843BFC821D53434100F69E14 /* VerificationKit.h */ = {isa = PBXFileReference; lastKnownFileType = sourcecode.c.h; path = VerificationKit.h; sourceTree = "<group>"; };
		843BFC841D53434100F69E14 /* Info.plist */ = {isa = PBXFileReference; lastKnownFileType = text.plist.xml; path = Info.plist; sourceTree = "<group>"; };
		843BFC891D53434100F69E14 /* VerificationKitTests.xctest */ = {isa = PBXFileReference; explicitFileType = wrapper.cfbundle; includeInIndex = 0; path = VerificationKitTests.xctest; sourceTree = BUILT_PRODUCTS_DIR; };
		843BFC8E1D53434100F69E14 /* Tests.swift */ = {isa = PBXFileReference; lastKnownFileType = sourcecode.swift; path = Tests.swift; sourceTree = "<group>"; };
		843BFC901D53434100F69E14 /* Info.plist */ = {isa = PBXFileReference; lastKnownFileType = text.plist.xml; path = Info.plist; sourceTree = "<group>"; };
		843BFCD51D538CDF00F69E14 /* PhoneNumberKit.framework */ = {isa = PBXFileReference; lastKnownFileType = wrapper.framework; name = PhoneNumberKit.framework; path = Carthage/Build/iOS/PhoneNumberKit.framework; sourceTree = "<group>"; };
		844B568B1D69FE1600AE6205 /* PhoneNumberKit.xcodeproj */ = {isa = PBXFileReference; lastKnownFileType = "wrapper.pb-project"; name = PhoneNumberKit.xcodeproj; path = Carthage/Checkouts/PhoneNumberKit/PhoneNumberKit.xcodeproj; sourceTree = "<group>"; };
		84C5B44F1E6C58DA0083D69F /* AWSCore.framework */ = {isa = PBXFileReference; lastKnownFileType = wrapper.framework; name = AWSCore.framework; path = ThirdParty/AWSCore.framework; sourceTree = "<group>"; };
		84C5B4501E6C58DA0083D69F /* AWSLambda.framework */ = {isa = PBXFileReference; lastKnownFileType = wrapper.framework; name = AWSLambda.framework; path = ThirdParty/AWSLambda.framework; sourceTree = "<group>"; };
		84C5B4511E6C58DA0083D69F /* AWSSES.framework */ = {isa = PBXFileReference; lastKnownFileType = wrapper.framework; name = AWSSES.framework; path = ThirdParty/AWSSES.framework; sourceTree = "<group>"; };
		84C5B4521E6C58DA0083D69F /* AWSSNS.framework */ = {isa = PBXFileReference; lastKnownFileType = wrapper.framework; name = AWSSNS.framework; path = ThirdParty/AWSSNS.framework; sourceTree = "<group>"; };
		84F8C98B1E7D7E1E004A9831 /* PhoneNumberKit+VerificationKit.swift */ = {isa = PBXFileReference; fileEncoding = 4; lastKnownFileType = sourcecode.swift; name = "PhoneNumberKit+VerificationKit.swift"; path = "Extensions/PhoneNumberKit+VerificationKit.swift"; sourceTree = "<group>"; };
		84F8C98C1E7D7E1E004A9831 /* UIAlertController+VerificationKit.swift */ = {isa = PBXFileReference; fileEncoding = 4; lastKnownFileType = sourcecode.swift; name = "UIAlertController+VerificationKit.swift"; path = "Extensions/UIAlertController+VerificationKit.swift"; sourceTree = "<group>"; };
		84F8C98D1E7D7E1E004A9831 /* UIViewController+VerificationKit.swift */ = {isa = PBXFileReference; fileEncoding = 4; lastKnownFileType = sourcecode.swift; name = "UIViewController+VerificationKit.swift"; path = "Extensions/UIViewController+VerificationKit.swift"; sourceTree = "<group>"; };
		84F8C9911E7D7F8D004A9831 /* Bundle+VerificationKit.swift */ = {isa = PBXFileReference; fileEncoding = 4; lastKnownFileType = sourcecode.swift; name = "Bundle+VerificationKit.swift"; path = "Extensions/Bundle+VerificationKit.swift"; sourceTree = "<group>"; };
		84F8C9921E7D7F8D004A9831 /* String+VerificationKit.swift */ = {isa = PBXFileReference; fileEncoding = 4; lastKnownFileType = sourcecode.swift; name = "String+VerificationKit.swift"; path = "Extensions/String+VerificationKit.swift"; sourceTree = "<group>"; };
		84F8C9991E7D8FA3004A9831 /* PhoneNumber.swift */ = {isa = PBXFileReference; fileEncoding = 4; lastKnownFileType = sourcecode.swift; path = PhoneNumber.swift; sourceTree = "<group>"; };
		84F8C99A1E7D8FA3004A9831 /* Theme.swift */ = {isa = PBXFileReference; fileEncoding = 4; lastKnownFileType = sourcecode.swift; path = Theme.swift; sourceTree = "<group>"; };
		84F8C99B1E7D8FA3004A9831 /* Verification.swift */ = {isa = PBXFileReference; fileEncoding = 4; lastKnownFileType = sourcecode.swift; path = Verification.swift; sourceTree = "<group>"; };
		84F8C99D1E7D8FA3004A9831 /* VerificationKitStrings.bundle */ = {isa = PBXFileReference; lastKnownFileType = "wrapper.plug-in"; path = VerificationKitStrings.bundle; sourceTree = "<group>"; };
		84F8C99F1E7D8FA3004A9831 /* AddEmailViewController.swift */ = {isa = PBXFileReference; fileEncoding = 4; lastKnownFileType = sourcecode.swift; path = AddEmailViewController.swift; sourceTree = "<group>"; };
		84F8C9A01E7D8FA3004A9831 /* AddPhoneViewController.swift */ = {isa = PBXFileReference; fileEncoding = 4; lastKnownFileType = sourcecode.swift; path = AddPhoneViewController.swift; sourceTree = "<group>"; };
		84F8C9A11E7D8FA3004A9831 /* CountryCodeViewController.swift */ = {isa = PBXFileReference; fileEncoding = 4; lastKnownFileType = sourcecode.swift; path = CountryCodeViewController.swift; sourceTree = "<group>"; };
		84F8C9A21E7D8FA3004A9831 /* VerificationKit.storyboard */ = {isa = PBXFileReference; fileEncoding = 4; lastKnownFileType = file.storyboard; path = VerificationKit.storyboard; sourceTree = "<group>"; };
		84F8C9A31E7D8FA3004A9831 /* VerifyEmailViewController.swift */ = {isa = PBXFileReference; fileEncoding = 4; lastKnownFileType = sourcecode.swift; path = VerifyEmailViewController.swift; sourceTree = "<group>"; };
		84F8C9A41E7D8FA3004A9831 /* VerifyPhoneViewController.swift */ = {isa = PBXFileReference; fileEncoding = 4; lastKnownFileType = sourcecode.swift; path = VerifyPhoneViewController.swift; sourceTree = "<group>"; };
/* End PBXFileReference section */

/* Begin PBXFrameworksBuildPhase section */
		843BFC7B1D53434000F69E14 /* Frameworks */ = {
			isa = PBXFrameworksBuildPhase;
			buildActionMask = 2147483647;
			files = (
				84C5B4531E6C58DA0083D69F /* AWSCore.framework in Frameworks */,
				84C5B4541E6C58DA0083D69F /* AWSLambda.framework in Frameworks */,
				84C5B4551E6C58DA0083D69F /* AWSSES.framework in Frameworks */,
				84C5B4561E6C58DA0083D69F /* AWSSNS.framework in Frameworks */,
				843BFCD61D538CDF00F69E14 /* PhoneNumberKit.framework in Frameworks */,
			);
			runOnlyForDeploymentPostprocessing = 0;
		};
		843BFC861D53434100F69E14 /* Frameworks */ = {
			isa = PBXFrameworksBuildPhase;
			buildActionMask = 2147483647;
			files = (
				843DDE7B1D6D676300BF50A4 /* PhoneNumberKit.framework in Frameworks */,
				843BFC8A1D53434100F69E14 /* VerificationKit.framework in Frameworks */,
			);
			runOnlyForDeploymentPostprocessing = 0;
		};
/* End PBXFrameworksBuildPhase section */

/* Begin PBXGroup section */
		843BFC751D53434000F69E14 = {
			isa = PBXGroup;
			children = (
				843BFC811D53434100F69E14 /* VerificationKit */,
				843BFCD71D538CEB00F69E14 /* Frameworks */,
				843BFC8D1D53434100F69E14 /* Tests */,
				843BFC801D53434000F69E14 /* Products */,
				844B568B1D69FE1600AE6205 /* PhoneNumberKit.xcodeproj */,
			);
			sourceTree = "<group>";
		};
		843BFC801D53434000F69E14 /* Products */ = {
			isa = PBXGroup;
			children = (
				843BFC7F1D53434000F69E14 /* VerificationKit.framework */,
				843BFC891D53434100F69E14 /* VerificationKitTests.xctest */,
			);
			name = Products;
			sourceTree = "<group>";
		};
		843BFC811D53434100F69E14 /* VerificationKit */ = {
			isa = PBXGroup;
			children = (
				84F8C9981E7D8FA3004A9831 /* Core */,
				84F8C98A1E7D7DD6004A9831 /* Extensions */,
				84F8C99C1E7D8FA3004A9831 /* Resources */,
				84F8C99E1E7D8FA3004A9831 /* ViewControllers */,
				843BFC821D53434100F69E14 /* VerificationKit.h */,
				843BFC841D53434100F69E14 /* Info.plist */,
			);
			path = VerificationKit;
			sourceTree = "<group>";
		};
		843BFC8D1D53434100F69E14 /* Tests */ = {
			isa = PBXGroup;
			children = (
				843BFC8E1D53434100F69E14 /* Tests.swift */,
				843BFC901D53434100F69E14 /* Info.plist */,
			);
			name = Tests;
			path = VerificationKitTests;
			sourceTree = "<group>";
		};
		843BFCD71D538CEB00F69E14 /* Frameworks */ = {
			isa = PBXGroup;
			children = (
				84C5B44F1E6C58DA0083D69F /* AWSCore.framework */,
				84C5B4501E6C58DA0083D69F /* AWSLambda.framework */,
				84C5B4511E6C58DA0083D69F /* AWSSES.framework */,
				84C5B4521E6C58DA0083D69F /* AWSSNS.framework */,
				843BFCD51D538CDF00F69E14 /* PhoneNumberKit.framework */,
			);
			name = Frameworks;
			sourceTree = "<group>";
		};
		844B568C1D69FE1600AE6205 /* Products */ = {
			isa = PBXGroup;
			children = (
				844B56941D69FE1600AE6205 /* PhoneNumberKit.framework */,
				844B56961D69FE1600AE6205 /* PhoneNumberKit.framework */,
				844B56981D69FE1600AE6205 /* PhoneNumberKit.framework */,
				844B569A1D69FE1600AE6205 /* PhoneNumberKit.framework */,
				844B569C1D69FE1600AE6205 /* PhoneNumberKitTests.xctest */,
			);
			name = Products;
			sourceTree = "<group>";
		};
		84F8C98A1E7D7DD6004A9831 /* Extensions */ = {
			isa = PBXGroup;
			children = (
				84F8C9911E7D7F8D004A9831 /* Bundle+VerificationKit.swift */,
				84F8C98B1E7D7E1E004A9831 /* PhoneNumberKit+VerificationKit.swift */,
				84F8C9921E7D7F8D004A9831 /* String+VerificationKit.swift */,
				84F8C98C1E7D7E1E004A9831 /* UIAlertController+VerificationKit.swift */,
				84F8C98D1E7D7E1E004A9831 /* UIViewController+VerificationKit.swift */,
			);
			name = Extensions;
			sourceTree = "<group>";
		};
		84F8C9981E7D8FA3004A9831 /* Core */ = {
			isa = PBXGroup;
			children = (
				84F8C9991E7D8FA3004A9831 /* PhoneNumber.swift */,
				84F8C99A1E7D8FA3004A9831 /* Theme.swift */,
				84F8C99B1E7D8FA3004A9831 /* Verification.swift */,
			);
			path = Core;
			sourceTree = "<group>";
		};
		84F8C99C1E7D8FA3004A9831 /* Resources */ = {
			isa = PBXGroup;
			children = (
				84F8C99D1E7D8FA3004A9831 /* VerificationKitStrings.bundle */,
			);
			path = Resources;
			sourceTree = "<group>";
		};
		84F8C99E1E7D8FA3004A9831 /* ViewControllers */ = {
			isa = PBXGroup;
			children = (
				84F8C99F1E7D8FA3004A9831 /* AddEmailViewController.swift */,
				84F8C9A01E7D8FA3004A9831 /* AddPhoneViewController.swift */,
				84F8C9A11E7D8FA3004A9831 /* CountryCodeViewController.swift */,
				84F8C9A21E7D8FA3004A9831 /* VerificationKit.storyboard */,
				84F8C9A31E7D8FA3004A9831 /* VerifyEmailViewController.swift */,
				84F8C9A41E7D8FA3004A9831 /* VerifyPhoneViewController.swift */,
			);
			path = ViewControllers;
			sourceTree = "<group>";
		};
/* End PBXGroup section */

/* Begin PBXHeadersBuildPhase section */
		843BFC7C1D53434000F69E14 /* Headers */ = {
			isa = PBXHeadersBuildPhase;
			buildActionMask = 2147483647;
			files = (
				843BFC831D53434100F69E14 /* VerificationKit.h in Headers */,
			);
			runOnlyForDeploymentPostprocessing = 0;
		};
/* End PBXHeadersBuildPhase section */

/* Begin PBXNativeTarget section */
		843BFC7E1D53434000F69E14 /* VerificationKit */ = {
			isa = PBXNativeTarget;
			buildConfigurationList = 843BFC931D53434100F69E14 /* Build configuration list for PBXNativeTarget "VerificationKit" */;
			buildPhases = (
				843BFC7A1D53434000F69E14 /* Sources */,
				843BFC7B1D53434000F69E14 /* Frameworks */,
				843BFC7C1D53434000F69E14 /* Headers */,
				843BFC7D1D53434000F69E14 /* Resources */,
			);
			buildRules = (
			);
			dependencies = (
			);
			name = VerificationKit;
			productName = VerificationKit;
			productReference = 843BFC7F1D53434000F69E14 /* VerificationKit.framework */;
			productType = "com.apple.product-type.framework";
		};
		843BFC881D53434100F69E14 /* VerificationKitTests */ = {
			isa = PBXNativeTarget;
			buildConfigurationList = 843BFC961D53434100F69E14 /* Build configuration list for PBXNativeTarget "VerificationKitTests" */;
			buildPhases = (
				843BFC851D53434100F69E14 /* Sources */,
				843BFC861D53434100F69E14 /* Frameworks */,
				843BFC871D53434100F69E14 /* Resources */,
				843DDE7C1D6D6A8000BF50A4 /* AWS */,
			);
			buildRules = (
			);
			dependencies = (
				843BFC8C1D53434100F69E14 /* PBXTargetDependency */,
			);
			name = VerificationKitTests;
			productName = VerificationKitTests;
			productReference = 843BFC891D53434100F69E14 /* VerificationKitTests.xctest */;
			productType = "com.apple.product-type.bundle.unit-test";
		};
/* End PBXNativeTarget section */

/* Begin PBXProject section */
		843BFC761D53434000F69E14 /* Project object */ = {
			isa = PBXProject;
			attributes = {
				LastSwiftUpdateCheck = 0730;
				LastUpgradeCheck = 0800;
				TargetAttributes = {
					843BFC7E1D53434000F69E14 = {
						CreatedOnToolsVersion = 7.3.1;
						LastSwiftMigration = 0800;
					};
					843BFC881D53434100F69E14 = {
						CreatedOnToolsVersion = 7.3.1;
						LastSwiftMigration = 0800;
					};
				};
			};
			buildConfigurationList = 843BFC791D53434000F69E14 /* Build configuration list for PBXProject "VerificationKit" */;
			compatibilityVersion = "Xcode 3.2";
			developmentRegion = English;
			hasScannedForEncodings = 0;
			knownRegions = (
				en,
				Base,
			);
			mainGroup = 843BFC751D53434000F69E14;
			productRefGroup = 843BFC801D53434000F69E14 /* Products */;
			projectDirPath = "";
			projectReferences = (
				{
					ProductGroup = 844B568C1D69FE1600AE6205 /* Products */;
					ProjectRef = 844B568B1D69FE1600AE6205 /* PhoneNumberKit.xcodeproj */;
				},
			);
			projectRoot = "";
			targets = (
				843BFC7E1D53434000F69E14 /* VerificationKit */,
				843BFC881D53434100F69E14 /* VerificationKitTests */,
			);
		};
/* End PBXProject section */

/* Begin PBXReferenceProxy section */
		844B56941D69FE1600AE6205 /* PhoneNumberKit.framework */ = {
			isa = PBXReferenceProxy;
			fileType = wrapper.framework;
			path = PhoneNumberKit.framework;
			remoteRef = 844B56931D69FE1600AE6205 /* PBXContainerItemProxy */;
			sourceTree = BUILT_PRODUCTS_DIR;
		};
		844B56961D69FE1600AE6205 /* PhoneNumberKit.framework */ = {
			isa = PBXReferenceProxy;
			fileType = wrapper.framework;
			path = PhoneNumberKit.framework;
			remoteRef = 844B56951D69FE1600AE6205 /* PBXContainerItemProxy */;
			sourceTree = BUILT_PRODUCTS_DIR;
		};
		844B56981D69FE1600AE6205 /* PhoneNumberKit.framework */ = {
			isa = PBXReferenceProxy;
			fileType = wrapper.framework;
			path = PhoneNumberKit.framework;
			remoteRef = 844B56971D69FE1600AE6205 /* PBXContainerItemProxy */;
			sourceTree = BUILT_PRODUCTS_DIR;
		};
		844B569A1D69FE1600AE6205 /* PhoneNumberKit.framework */ = {
			isa = PBXReferenceProxy;
			fileType = wrapper.framework;
			path = PhoneNumberKit.framework;
			remoteRef = 844B56991D69FE1600AE6205 /* PBXContainerItemProxy */;
			sourceTree = BUILT_PRODUCTS_DIR;
		};
		844B569C1D69FE1600AE6205 /* PhoneNumberKitTests.xctest */ = {
			isa = PBXReferenceProxy;
			fileType = wrapper.cfbundle;
			path = PhoneNumberKitTests.xctest;
			remoteRef = 844B569B1D69FE1600AE6205 /* PBXContainerItemProxy */;
			sourceTree = BUILT_PRODUCTS_DIR;
		};
/* End PBXReferenceProxy section */

/* Begin PBXResourcesBuildPhase section */
		843BFC7D1D53434000F69E14 /* Resources */ = {
			isa = PBXResourcesBuildPhase;
			buildActionMask = 2147483647;
			files = (
				84F8C9AC1E7D8FA3004A9831 /* VerificationKit.storyboard in Resources */,
				84F8C9A81E7D8FA3004A9831 /* VerificationKitStrings.bundle in Resources */,
			);
			runOnlyForDeploymentPostprocessing = 0;
		};
		843BFC871D53434100F69E14 /* Resources */ = {
			isa = PBXResourcesBuildPhase;
			buildActionMask = 2147483647;
			files = (
			);
			runOnlyForDeploymentPostprocessing = 0;
		};
/* End PBXResourcesBuildPhase section */

/* Begin PBXShellScriptBuildPhase section */
		843DDE7C1D6D6A8000BF50A4 /* AWS */ = {
			isa = PBXShellScriptBuildPhase;
			buildActionMask = 2147483647;
			files = (
			);
			inputPaths = (
			);
			name = AWS;
			outputPaths = (
			);
			runOnlyForDeploymentPostprocessing = 0;
			shellPath = /bin/sh;
			shellScript = "bash \"${PROJECT_DIR}/AWSCore.framework/strip-frameworks.sh\"";
		};
/* End PBXShellScriptBuildPhase section */

/* Begin PBXSourcesBuildPhase section */
		843BFC7A1D53434000F69E14 /* Sources */ = {
			isa = PBXSourcesBuildPhase;
			buildActionMask = 2147483647;
			files = (
				84F8C9A71E7D8FA3004A9831 /* Verification.swift in Sources */,
				84F8C9901E7D7E1E004A9831 /* UIViewController+VerificationKit.swift in Sources */,
				84F8C9AE1E7D8FA3004A9831 /* VerifyPhoneViewController.swift in Sources */,
				84F8C98F1E7D7E1E004A9831 /* UIAlertController+VerificationKit.swift in Sources */,
				84F8C9941E7D7F8D004A9831 /* String+VerificationKit.swift in Sources */,
				84F8C98E1E7D7E1E004A9831 /* PhoneNumberKit+VerificationKit.swift in Sources */,
				84F8C9A91E7D8FA3004A9831 /* AddEmailViewController.swift in Sources */,
				84F8C9931E7D7F8D004A9831 /* Bundle+VerificationKit.swift in Sources */,
				84F8C9AA1E7D8FA3004A9831 /* AddPhoneViewController.swift in Sources */,
				84F8C9A51E7D8FA3004A9831 /* PhoneNumber.swift in Sources */,
				84F8C9A61E7D8FA3004A9831 /* Theme.swift in Sources */,
				84F8C9AD1E7D8FA3004A9831 /* VerifyEmailViewController.swift in Sources */,
				84F8C9AB1E7D8FA3004A9831 /* CountryCodeViewController.swift in Sources */,
			);
			runOnlyForDeploymentPostprocessing = 0;
		};
		843BFC851D53434100F69E14 /* Sources */ = {
			isa = PBXSourcesBuildPhase;
			buildActionMask = 2147483647;
			files = (
				843BFC8F1D53434100F69E14 /* Tests.swift in Sources */,
			);
			runOnlyForDeploymentPostprocessing = 0;
		};
/* End PBXSourcesBuildPhase section */

/* Begin PBXTargetDependency section */
		843BFC8C1D53434100F69E14 /* PBXTargetDependency */ = {
			isa = PBXTargetDependency;
			target = 843BFC7E1D53434000F69E14 /* VerificationKit */;
			targetProxy = 843BFC8B1D53434100F69E14 /* PBXContainerItemProxy */;
		};
/* End PBXTargetDependency section */

/* Begin XCBuildConfiguration section */
		843BFC911D53434100F69E14 /* Debug */ = {
			isa = XCBuildConfiguration;
			buildSettings = {
				ALWAYS_SEARCH_USER_PATHS = NO;
				CLANG_ANALYZER_NONNULL = YES;
				CLANG_CXX_LANGUAGE_STANDARD = "gnu++0x";
				CLANG_CXX_LIBRARY = "libc++";
				CLANG_ENABLE_MODULES = YES;
				CLANG_ENABLE_OBJC_ARC = YES;
				CLANG_WARN_BOOL_CONVERSION = YES;
				CLANG_WARN_CONSTANT_CONVERSION = YES;
				CLANG_WARN_DIRECT_OBJC_ISA_USAGE = YES_ERROR;
				CLANG_WARN_EMPTY_BODY = YES;
				CLANG_WARN_ENUM_CONVERSION = YES;
				CLANG_WARN_INFINITE_RECURSION = YES;
				CLANG_WARN_INT_CONVERSION = YES;
				CLANG_WARN_OBJC_ROOT_CLASS = YES_ERROR;
				CLANG_WARN_SUSPICIOUS_MOVE = YES;
				CLANG_WARN_UNREACHABLE_CODE = YES;
				CLANG_WARN__DUPLICATE_METHOD_MATCH = YES;
				"CODE_SIGN_IDENTITY[sdk=iphoneos*]" = "iPhone Developer";
				COPY_PHASE_STRIP = NO;
				CURRENT_PROJECT_VERSION = 1;
				DEBUG_INFORMATION_FORMAT = dwarf;
				ENABLE_STRICT_OBJC_MSGSEND = YES;
				ENABLE_TESTABILITY = YES;
				FRAMEWORK_SEARCH_PATHS = "";
				GCC_C_LANGUAGE_STANDARD = gnu99;
				GCC_DYNAMIC_NO_PIC = NO;
				GCC_NO_COMMON_BLOCKS = YES;
				GCC_OPTIMIZATION_LEVEL = 0;
				GCC_PREPROCESSOR_DEFINITIONS = (
					"DEBUG=1",
					"$(inherited)",
				);
				GCC_WARN_64_TO_32_BIT_CONVERSION = YES;
				GCC_WARN_ABOUT_RETURN_TYPE = YES_ERROR;
				GCC_WARN_UNDECLARED_SELECTOR = YES;
				GCC_WARN_UNINITIALIZED_AUTOS = YES_AGGRESSIVE;
				GCC_WARN_UNUSED_FUNCTION = YES;
				GCC_WARN_UNUSED_VARIABLE = YES;
				IPHONEOS_DEPLOYMENT_TARGET = 8.0;
				MTL_ENABLE_DEBUG_INFO = YES;
				ONLY_ACTIVE_ARCH = YES;
				SDKROOT = iphoneos;
				SWIFT_OPTIMIZATION_LEVEL = "-Onone";
				TARGETED_DEVICE_FAMILY = "1,2";
				VERSIONING_SYSTEM = "apple-generic";
				VERSION_INFO_PREFIX = "";
			};
			name = Debug;
		};
		843BFC921D53434100F69E14 /* Release */ = {
			isa = XCBuildConfiguration;
			buildSettings = {
				ALWAYS_SEARCH_USER_PATHS = NO;
				CLANG_ANALYZER_NONNULL = YES;
				CLANG_CXX_LANGUAGE_STANDARD = "gnu++0x";
				CLANG_CXX_LIBRARY = "libc++";
				CLANG_ENABLE_MODULES = YES;
				CLANG_ENABLE_OBJC_ARC = YES;
				CLANG_WARN_BOOL_CONVERSION = YES;
				CLANG_WARN_CONSTANT_CONVERSION = YES;
				CLANG_WARN_DIRECT_OBJC_ISA_USAGE = YES_ERROR;
				CLANG_WARN_EMPTY_BODY = YES;
				CLANG_WARN_ENUM_CONVERSION = YES;
				CLANG_WARN_INFINITE_RECURSION = YES;
				CLANG_WARN_INT_CONVERSION = YES;
				CLANG_WARN_OBJC_ROOT_CLASS = YES_ERROR;
				CLANG_WARN_SUSPICIOUS_MOVE = YES;
				CLANG_WARN_UNREACHABLE_CODE = YES;
				CLANG_WARN__DUPLICATE_METHOD_MATCH = YES;
				"CODE_SIGN_IDENTITY[sdk=iphoneos*]" = "iPhone Developer";
				COPY_PHASE_STRIP = NO;
				CURRENT_PROJECT_VERSION = 1;
				DEBUG_INFORMATION_FORMAT = "dwarf-with-dsym";
				ENABLE_NS_ASSERTIONS = NO;
				ENABLE_STRICT_OBJC_MSGSEND = YES;
				FRAMEWORK_SEARCH_PATHS = "";
				GCC_C_LANGUAGE_STANDARD = gnu99;
				GCC_NO_COMMON_BLOCKS = YES;
				GCC_WARN_64_TO_32_BIT_CONVERSION = YES;
				GCC_WARN_ABOUT_RETURN_TYPE = YES_ERROR;
				GCC_WARN_UNDECLARED_SELECTOR = YES;
				GCC_WARN_UNINITIALIZED_AUTOS = YES_AGGRESSIVE;
				GCC_WARN_UNUSED_FUNCTION = YES;
				GCC_WARN_UNUSED_VARIABLE = YES;
				IPHONEOS_DEPLOYMENT_TARGET = 8.0;
				MTL_ENABLE_DEBUG_INFO = NO;
				SDKROOT = iphoneos;
				SWIFT_OPTIMIZATION_LEVEL = "-Owholemodule";
				TARGETED_DEVICE_FAMILY = "1,2";
				VALIDATE_PRODUCT = YES;
				VERSIONING_SYSTEM = "apple-generic";
				VERSION_INFO_PREFIX = "";
			};
			name = Release;
		};
		843BFC941D53434100F69E14 /* Debug */ = {
			isa = XCBuildConfiguration;
			buildSettings = {
				CLANG_ENABLE_MODULES = YES;
				"CODE_SIGN_IDENTITY[sdk=iphoneos*]" = "";
				DEFINES_MODULE = YES;
				DYLIB_COMPATIBILITY_VERSION = 1;
				DYLIB_CURRENT_VERSION = 1;
				DYLIB_INSTALL_NAME_BASE = "@rpath";
				FRAMEWORK_SEARCH_PATHS = (
					"$(inherited)",
					$PROJECT_DIR,
					"$(PROJECT_DIR)/Carthage/Build/iOS/**",
					"$(PROJECT_DIR)/ThirdParty",
				);
				INFOPLIST_FILE = VerificationKit/Info.plist;
				INSTALL_PATH = "$(LOCAL_LIBRARY_DIR)/Frameworks";
				LD_RUNPATH_SEARCH_PATHS = "$(inherited) @executable_path/Frameworks @loader_path/Frameworks";
				PRODUCT_BUNDLE_IDENTIFIER = com.verificationkit.VerificationKit;
				PRODUCT_NAME = "$(TARGET_NAME)";
				SKIP_INSTALL = YES;
				SWIFT_OPTIMIZATION_LEVEL = "-Onone";
				SWIFT_VERSION = 3.0;
			};
			name = Debug;
		};
		843BFC951D53434100F69E14 /* Release */ = {
			isa = XCBuildConfiguration;
			buildSettings = {
				CLANG_ENABLE_MODULES = YES;
				"CODE_SIGN_IDENTITY[sdk=iphoneos*]" = "";
				DEFINES_MODULE = YES;
				DYLIB_COMPATIBILITY_VERSION = 1;
				DYLIB_CURRENT_VERSION = 1;
				DYLIB_INSTALL_NAME_BASE = "@rpath";
				FRAMEWORK_SEARCH_PATHS = (
					"$(inherited)",
					$PROJECT_DIR,
					"$(PROJECT_DIR)/Carthage/Build/iOS/**",
					"$(PROJECT_DIR)/ThirdParty",
				);
				INFOPLIST_FILE = VerificationKit/Info.plist;
				INSTALL_PATH = "$(LOCAL_LIBRARY_DIR)/Frameworks";
				LD_RUNPATH_SEARCH_PATHS = "$(inherited) @executable_path/Frameworks @loader_path/Frameworks";
				PRODUCT_BUNDLE_IDENTIFIER = com.verificationkit.VerificationKit;
				PRODUCT_NAME = "$(TARGET_NAME)";
				SKIP_INSTALL = YES;
				SWIFT_VERSION = 3.0;
			};
			name = Release;
		};
		843BFC971D53434100F69E14 /* Debug */ = {
			isa = XCBuildConfiguration;
			buildSettings = {
				FRAMEWORK_SEARCH_PATHS = (
					"$(inherited)",
					"$(PROJECT_DIR)",
					"$(PROJECT_DIR)/Carthage/Build/iOS",
				);
				INFOPLIST_FILE = VerificationKitTests/Info.plist;
				LD_RUNPATH_SEARCH_PATHS = "$(inherited) @executable_path/Frameworks @loader_path/Frameworks";
				PRODUCT_BUNDLE_IDENTIFIER = com.verifykit.VerificationKitTests;
				PRODUCT_NAME = "$(TARGET_NAME)";
				SWIFT_VERSION = 3.0;
			};
			name = Debug;
		};
		843BFC981D53434100F69E14 /* Release */ = {
			isa = XCBuildConfiguration;
			buildSettings = {
				FRAMEWORK_SEARCH_PATHS = (
					"$(inherited)",
					"$(PROJECT_DIR)",
					"$(PROJECT_DIR)/Carthage/Build/iOS",
				);
				INFOPLIST_FILE = VerificationKitTests/Info.plist;
				LD_RUNPATH_SEARCH_PATHS = "$(inherited) @executable_path/Frameworks @loader_path/Frameworks";
				PRODUCT_BUNDLE_IDENTIFIER = com.verifykit.VerificationKitTests;
				PRODUCT_NAME = "$(TARGET_NAME)";
				SWIFT_VERSION = 3.0;
			};
			name = Release;
		};
/* End XCBuildConfiguration section */

/* Begin XCConfigurationList section */
		843BFC791D53434000F69E14 /* Build configuration list for PBXProject "VerificationKit" */ = {
			isa = XCConfigurationList;
			buildConfigurations = (
				843BFC911D53434100F69E14 /* Debug */,
				843BFC921D53434100F69E14 /* Release */,
			);
			defaultConfigurationIsVisible = 0;
			defaultConfigurationName = Release;
		};
		843BFC931D53434100F69E14 /* Build configuration list for PBXNativeTarget "VerificationKit" */ = {
			isa = XCConfigurationList;
			buildConfigurations = (
				843BFC941D53434100F69E14 /* Debug */,
				843BFC951D53434100F69E14 /* Release */,
			);
			defaultConfigurationIsVisible = 0;
			defaultConfigurationName = Release;
		};
		843BFC961D53434100F69E14 /* Build configuration list for PBXNativeTarget "VerificationKitTests" */ = {
			isa = XCConfigurationList;
			buildConfigurations = (
				843BFC971D53434100F69E14 /* Debug */,
				843BFC981D53434100F69E14 /* Release */,
			);
			defaultConfigurationIsVisible = 0;
			defaultConfigurationName = Release;
		};
/* End XCConfigurationList section */
	};
	rootObject = 843BFC761D53434000F69E14 /* Project object */;
}
